
Microsoft Visual Studio Solution File, Format Version 12.00
# Visual Studio 15
VisualStudioVersion = 15.0.28307.902
MinimumVisualStudioVersion = 10.0.40219.1
Project("{FAE04EC0-301F-11D3-BF4B-00C04F79EFBC}") = "Supermarket Mangment System", "Supermarket Mangment System\Supermarket Mangment System.csproj", "{55F9D5C9-ADE5-404F-8634-2ED3AF6369DD}"
EndProject
Project("{2150E333-8FDC-42A3-9474-1A3956D46DE8}") = "Solution Items", "Solution Items", "{0A34944F-98E2-401E-BE1F-5E260C887708}"
EndProject
Global
	GlobalSection(SolutionConfigurationPlatforms) = preSolution
		Debug|Any CPU = Debug|Any CPU
		Release|Any CPU = Release|Any CPU
	EndGlobalSection
	GlobalSection(ProjectConfigurationPlatforms) = postSolution
		{55F9D5C9-ADE5-404F-8634-2ED3AF6369DD}.Debug|Any CPU.ActiveCfg = Debug|Any CPU
		{55F9D5C9-ADE5-404F-8634-2ED3AF6369DD}.Debug|Any CPU.Build.0 = Debug|Any CPU
		{55F9D5C9-ADE5-404F-8634-2ED3AF6369DD}.Release|Any CPU.ActiveCfg = Release|Any CPU
		{55F9D5C9-ADE5-404F-8634-2ED3AF6369DD}.Release|Any CPU.Build.0 = Release|Any CPU
	EndGlobalSection
	GlobalSection(SolutionProperties) = preSolution
		HideSolutionNode = FALSE
	EndGlobalSection
	GlobalSection(ExtensibilityGlobals) = postSolution
		SolutionGuid = {9C6B1F00-6662-4456-A428-A2775182E658}
	EndGlobalSection
EndGlobal
